// !$*UTF8*$!
{
	archiveVersion = 1;
	classes = {
	};
	objectVersion = 46;
	objects = {

/* Begin PBXBuildFile section */
		AF4B1FCC1A43B16E0027C7F0 /* AppDelegate.swift in Sources */ = {isa = PBXBuildFile; fileRef = AF4B1FCB1A43B16E0027C7F0 /* AppDelegate.swift */; };
		AF4B1FCE1A43B16E0027C7F0 /* ViewController.swift in Sources */ = {isa = PBXBuildFile; fileRef = AF4B1FCD1A43B16E0027C7F0 /* ViewController.swift */; };
		AF4B1FD11A43B16E0027C7F0 /* Main.storyboard in Resources */ = {isa = PBXBuildFile; fileRef = AF4B1FCF1A43B16E0027C7F0 /* Main.storyboard */; };
		AF4B1FD31A43B16E0027C7F0 /* Images.xcassets in Resources */ = {isa = PBXBuildFile; fileRef = AF4B1FD21A43B16E0027C7F0 /* Images.xcassets */; };
		AF4B1FD61A43B16F0027C7F0 /* LaunchScreen.xib in Resources */ = {isa = PBXBuildFile; fileRef = AF4B1FD41A43B16F0027C7F0 /* LaunchScreen.xib */; };
		AF4B1FE21A43B16F0027C7F0 /* iOSTestTests.swift in Sources */ = {isa = PBXBuildFile; fileRef = AF4B1FE11A43B16F0027C7F0 /* iOSTestTests.swift */; };
		AF4B1FEC1A43B3320027C7F0 /* SagradaFamilia.jpeg in Resources */ = {isa = PBXBuildFile; fileRef = AF4B1FEB1A43B3320027C7F0 /* SagradaFamilia.jpeg */; };
		AF5A5F8C1A45A55900926AD4 /* AlbertEinsteinStamp.jpg in Resources */ = {isa = PBXBuildFile; fileRef = AF5A5F8B1A45A55900926AD4 /* AlbertEinsteinStamp.jpg */; };
/* End PBXBuildFile section */

/* Begin PBXContainerItemProxy section */
		AF4B1FDC1A43B16F0027C7F0 /* PBXContainerItemProxy */ = {
			isa = PBXContainerItemProxy;
			containerPortal = AF4B1FBE1A43B16E0027C7F0 /* Project object */;
			proxyType = 1;
			remoteGlobalIDString = AF4B1FC51A43B16E0027C7F0;
			remoteInfo = iOSTest;
		};
/* End PBXContainerItemProxy section */

/* Begin PBXFileReference section */
		AF4B1FC61A43B16E0027C7F0 /* iOSTest.app */ = {isa = PBXFileReference; explicitFileType = wrapper.application; includeInIndex = 0; path = iOSTest.app; sourceTree = BUILT_PRODUCTS_DIR; };
		AF4B1FCA1A43B16E0027C7F0 /* Info.plist */ = {isa = PBXFileReference; lastKnownFileType = text.plist.xml; path = Info.plist; sourceTree = "<group>"; };
		AF4B1FCB1A43B16E0027C7F0 /* AppDelegate.swift */ = {isa = PBXFileReference; lastKnownFileType = sourcecode.swift; path = AppDelegate.swift; sourceTree = "<group>"; };
		AF4B1FCD1A43B16E0027C7F0 /* ViewController.swift */ = {isa = PBXFileReference; lastKnownFileType = sourcecode.swift; path = ViewController.swift; sourceTree = "<group>"; };
		AF4B1FD01A43B16E0027C7F0 /* Base */ = {isa = PBXFileReference; lastKnownFileType = file.storyboard; name = Base; path = Base.lproj/Main.storyboard; sourceTree = "<group>"; };
		AF4B1FD21A43B16E0027C7F0 /* Images.xcassets */ = {isa = PBXFileReference; lastKnownFileType = folder.assetcatalog; path = Images.xcassets; sourceTree = "<group>"; };
		AF4B1FD51A43B16F0027C7F0 /* Base */ = {isa = PBXFileReference; lastKnownFileType = file.xib; name = Base; path = Base.lproj/LaunchScreen.xib; sourceTree = "<group>"; };
		AF4B1FDB1A43B16F0027C7F0 /* iOSTestTests.xctest */ = {isa = PBXFileReference; explicitFileType = wrapper.cfbundle; includeInIndex = 0; path = iOSTestTests.xctest; sourceTree = BUILT_PRODUCTS_DIR; };
		AF4B1FE01A43B16F0027C7F0 /* Info.plist */ = {isa = PBXFileReference; lastKnownFileType = text.plist.xml; path = Info.plist; sourceTree = "<group>"; };
		AF4B1FE11A43B16F0027C7F0 /* iOSTestTests.swift */ = {isa = PBXFileReference; lastKnownFileType = sourcecode.swift; path = iOSTestTests.swift; sourceTree = "<group>"; };
		AF4B1FEB1A43B3320027C7F0 /* SagradaFamilia.jpeg */ = {isa = PBXFileReference; lastKnownFileType = image.jpeg; path = SagradaFamilia.jpeg; sourceTree = "<group>"; };
		AF5A5F8B1A45A55900926AD4 /* AlbertEinsteinStamp.jpg */ = {isa = PBXFileReference; lastKnownFileType = image.jpeg; path = AlbertEinsteinStamp.jpg; sourceTree = "<group>"; };
/* End PBXFileReference section */

/* Begin PBXFrameworksBuildPhase section */
		AF4B1FC31A43B16E0027C7F0 /* Frameworks */ = {
			isa = PBXFrameworksBuildPhase;
			buildActionMask = 2147483647;
			files = (
			);
			runOnlyForDeploymentPostprocessing = 0;
		};
		AF4B1FD81A43B16F0027C7F0 /* Frameworks */ = {
			isa = PBXFrameworksBuildPhase;
			buildActionMask = 2147483647;
			files = (
			);
			runOnlyForDeploymentPostprocessing = 0;
		};
/* End PBXFrameworksBuildPhase section */

/* Begin PBXGroup section */
		AF4B1FBD1A43B16E0027C7F0 = {
			isa = PBXGroup;
			children = (
				AF4B1FC81A43B16E0027C7F0 /* iOSTest */,
				AF4B1FDE1A43B16F0027C7F0 /* iOSTestTests */,
				AF4B1FC71A43B16E0027C7F0 /* Products */,
			);
			sourceTree = "<group>";
		};
		AF4B1FC71A43B16E0027C7F0 /* Products */ = {
			isa = PBXGroup;
			children = (
				AF4B1FC61A43B16E0027C7F0 /* iOSTest.app */,
				AF4B1FDB1A43B16F0027C7F0 /* iOSTestTests.xctest */,
			);
			name = Products;
			sourceTree = "<group>";
		};
		AF4B1FC81A43B16E0027C7F0 /* iOSTest */ = {
			isa = PBXGroup;
			children = (
				AF4B1FCB1A43B16E0027C7F0 /* AppDelegate.swift */,
				AF4B1FCD1A43B16E0027C7F0 /* ViewController.swift */,
				AF4B1FCF1A43B16E0027C7F0 /* Main.storyboard */,
				AF4B1FD21A43B16E0027C7F0 /* Images.xcassets */,
				AF4B1FD41A43B16F0027C7F0 /* LaunchScreen.xib */,
				AF4B1FC91A43B16E0027C7F0 /* Supporting Files */,
			);
			path = iOSTest;
			sourceTree = "<group>";
		};
		AF4B1FC91A43B16E0027C7F0 /* Supporting Files */ = {
			isa = PBXGroup;
			children = (
				AF5A5F8B1A45A55900926AD4 /* AlbertEinsteinStamp.jpg */,
				AF4B1FEB1A43B3320027C7F0 /* SagradaFamilia.jpeg */,
				AF4B1FCA1A43B16E0027C7F0 /* Info.plist */,
			);
			name = "Supporting Files";
			sourceTree = "<group>";
		};
		AF4B1FDE1A43B16F0027C7F0 /* iOSTestTests */ = {
			isa = PBXGroup;
			children = (
				AF4B1FE11A43B16F0027C7F0 /* iOSTestTests.swift */,
				AF4B1FDF1A43B16F0027C7F0 /* Supporting Files */,
			);
			path = iOSTestTests;
			sourceTree = "<group>";
		};
		AF4B1FDF1A43B16F0027C7F0 /* Supporting Files */ = {
			isa = PBXGroup;
			children = (
				AF4B1FE01A43B16F0027C7F0 /* Info.plist */,
			);
			name = "Supporting Files";
			sourceTree = "<group>";
		};
/* End PBXGroup section */

/* Begin PBXNativeTarget section */
		AF4B1FC51A43B16E0027C7F0 /* iOSTest */ = {
			isa = PBXNativeTarget;
			buildConfigurationList = AF4B1FE51A43B16F0027C7F0 /* Build configuration list for PBXNativeTarget "iOSTest" */;
			buildPhases = (
				AF4B1FC21A43B16E0027C7F0 /* Sources */,
				AF4B1FC31A43B16E0027C7F0 /* Frameworks */,
				AF4B1FC41A43B16E0027C7F0 /* Resources */,
			);
			buildRules = (
			);
			dependencies = (
			);
			name = iOSTest;
			productName = iOSTest;
			productReference = AF4B1FC61A43B16E0027C7F0 /* iOSTest.app */;
			productType = "com.apple.product-type.application";
		};
		AF4B1FDA1A43B16F0027C7F0 /* iOSTestTests */ = {
			isa = PBXNativeTarget;
			buildConfigurationList = AF4B1FE81A43B16F0027C7F0 /* Build configuration list for PBXNativeTarget "iOSTestTests" */;
			buildPhases = (
				AF4B1FD71A43B16F0027C7F0 /* Sources */,
				AF4B1FD81A43B16F0027C7F0 /* Frameworks */,
				AF4B1FD91A43B16F0027C7F0 /* Resources */,
			);
			buildRules = (
			);
			dependencies = (
				AF4B1FDD1A43B16F0027C7F0 /* PBXTargetDependency */,
			);
			name = iOSTestTests;
			productName = iOSTestTests;
			productReference = AF4B1FDB1A43B16F0027C7F0 /* iOSTestTests.xctest */;
			productType = "com.apple.product-type.bundle.unit-test";
		};
/* End PBXNativeTarget section */

/* Begin PBXProject section */
		AF4B1FBE1A43B16E0027C7F0 /* Project object */ = {
			isa = PBXProject;
			attributes = {
				LastUpgradeCheck = 0610;
				ORGANIZATIONNAME = "Thiago Paz";
				TargetAttributes = {
					AF4B1FC51A43B16E0027C7F0 = {
						CreatedOnToolsVersion = 6.1.1;
					};
					AF4B1FDA1A43B16F0027C7F0 = {
						CreatedOnToolsVersion = 6.1.1;
						TestTargetID = AF4B1FC51A43B16E0027C7F0;
					};
				};
			};
			buildConfigurationList = AF4B1FC11A43B16E0027C7F0 /* Build configuration list for PBXProject "iOSTest" */;
			compatibilityVersion = "Xcode 3.2";
			developmentRegion = English;
			hasScannedForEncodings = 0;
			knownRegions = (
				en,
				Base,
			);
			mainGroup = AF4B1FBD1A43B16E0027C7F0;
			productRefGroup = AF4B1FC71A43B16E0027C7F0 /* Products */;
			projectDirPath = "";
			projectRoot = "";
			targets = (
				AF4B1FC51A43B16E0027C7F0 /* iOSTest */,
				AF4B1FDA1A43B16F0027C7F0 /* iOSTestTests */,
			);
		};
/* End PBXProject section */

/* Begin PBXResourcesBuildPhase section */
		AF4B1FC41A43B16E0027C7F0 /* Resources */ = {
			isa = PBXResourcesBuildPhase;
			buildActionMask = 2147483647;
			files = (
				AF4B1FD11A43B16E0027C7F0 /* Main.storyboard in Resources */,
				AF4B1FEC1A43B3320027C7F0 /* SagradaFamilia.jpeg in Resources */,
				AF5A5F8C1A45A55900926AD4 /* AlbertEinsteinStamp.jpg in Resources */,
				AF4B1FD61A43B16F0027C7F0 /* LaunchScreen.xib in Resources */,
				AF4B1FD31A43B16E0027C7F0 /* Images.xcassets in Resources */,
			);
			runOnlyForDeploymentPostprocessing = 0;
		};
		AF4B1FD91A43B16F0027C7F0 /* Resources */ = {
			isa = PBXResourcesBuildPhase;
			buildActionMask = 2147483647;
			files = (
			);
			runOnlyForDeploymentPostprocessing = 0;
		};
/* End PBXResourcesBuildPhase section */

/* Begin PBXSourcesBuildPhase section */
		AF4B1FC21A43B16E0027C7F0 /* Sources */ = {
			isa = PBXSourcesBuildPhase;
			buildActionMask = 2147483647;
			files = (
				AF4B1FCE1A43B16E0027C7F0 /* ViewController.swift in Sources */,
				AF4B1FCC1A43B16E0027C7F0 /* AppDelegate.swift in Sources */,
			);
			runOnlyForDeploymentPostprocessing = 0;
		};
		AF4B1FD71A43B16F0027C7F0 /* Sources */ = {
			isa = PBXSourcesBuildPhase;
			buildActionMask = 2147483647;
			files = (
				AF4B1FE21A43B16F0027C7F0 /* iOSTestTests.swift in Sources */,
			);
			runOnlyForDeploymentPostprocessing = 0;
		};
/* End PBXSourcesBuildPhase section */

/* Begin PBXTargetDependency section */
		AF4B1FDD1A43B16F0027C7F0 /* PBXTargetDependency */ = {
			isa = PBXTargetDependency;
			target = AF4B1FC51A43B16E0027C7F0 /* iOSTest */;
			targetProxy = AF4B1FDC1A43B16F0027C7F0 /* PBXContainerItemProxy */;
		};
/* End PBXTargetDependency section */

/* Begin PBXVariantGroup section */
		AF4B1FCF1A43B16E0027C7F0 /* Main.storyboard */ = {
			isa = PBXVariantGroup;
			children = (
				AF4B1FD01A43B16E0027C7F0 /* Base */,
			);
			name = Main.storyboard;
			sourceTree = "<group>";
		};
		AF4B1FD41A43B16F0027C7F0 /* LaunchScreen.xib */ = {
			isa = PBXVariantGroup;
			children = (
				AF4B1FD51A43B16F0027C7F0 /* Base */,
			);
			name = LaunchScreen.xib;
			sourceTree = "<group>";
		};
/* End PBXVariantGroup section */

/* Begin XCBuildConfiguration section */
		AF4B1FE31A43B16F0027C7F0 /* Debug */ = {
			isa = XCBuildConfiguration;
			buildSettings = {
				ALWAYS_SEARCH_USER_PATHS = NO;
				CLANG_CXX_LANGUAGE_STANDARD = "gnu++0x";
				CLANG_CXX_LIBRARY = "libc++";
				CLANG_ENABLE_MODULES = YES;
				CLANG_ENABLE_OBJC_ARC = YES;
				CLANG_WARN_BOOL_CONVERSION = YES;
				CLANG_WARN_CONSTANT_CONVERSION = YES;
				CLANG_WARN_DIRECT_OBJC_ISA_USAGE = YES_ERROR;
				CLANG_WARN_EMPTY_BODY = YES;
				CLANG_WARN_ENUM_CONVERSION = YES;
				CLANG_WARN_INT_CONVERSION = YES;
				CLANG_WARN_OBJC_ROOT_CLASS = YES_ERROR;
				CLANG_WARN_UNREACHABLE_CODE = YES;
				CLANG_WARN__DUPLICATE_METHOD_MATCH = YES;
				"CODE_SIGN_IDENTITY[sdk=iphoneos*]" = "iPhone Developer";
				COPY_PHASE_STRIP = NO;
				ENABLE_STRICT_OBJC_MSGSEND = YES;
				GCC_C_LANGUAGE_STANDARD = gnu99;
				GCC_DYNAMIC_NO_PIC = NO;
				GCC_OPTIMIZATION_LEVEL = 0;
				GCC_PREPROCESSOR_DEFINITIONS = (
					"DEBUG=1",
					"$(inherited)",
				);
				GCC_SYMBOLS_PRIVATE_EXTERN = NO;
				GCC_WARN_64_TO_32_BIT_CONVERSION = YES;
				GCC_WARN_ABOUT_RETURN_TYPE = YES_ERROR;
				GCC_WARN_UNDECLARED_SELECTOR = YES;
				GCC_WARN_UNINITIALIZED_AUTOS = YES_AGGRESSIVE;
				GCC_WARN_UNUSED_FUNCTION = YES;
				GCC_WARN_UNUSED_VARIABLE = YES;
				IPHONEOS_DEPLOYMENT_TARGET = 8.1;
				MTL_ENABLE_DEBUG_INFO = YES;
				ONLY_ACTIVE_ARCH = YES;
				SDKROOT = iphoneos;
				SWIFT_OPTIMIZATION_LEVEL = "-Onone";
				TARGETED_DEVICE_FAMILY = "1,2";
			};
			name = Debug;
		};
		AF4B1FE41A43B16F0027C7F0 /* Release */ = {
			isa = XCBuildConfiguration;
			buildSettings = {
				ALWAYS_SEARCH_USER_PATHS = NO;
				CLANG_CXX_LANGUAGE_STANDARD = "gnu++0x";
				CLANG_CXX_LIBRARY = "libc++";
				CLANG_ENABLE_MODULES = YES;
				CLANG_ENABLE_OBJC_ARC = YES;
				CLANG_WARN_BOOL_CONVERSION = YES;
				CLANG_WARN_CONSTANT_CONVERSION = YES;
				CLANG_WARN_DIRECT_OBJC_ISA_USAGE = YES_ERROR;
				CLANG_WARN_EMPTY_BODY = YES;
				CLANG_WARN_ENUM_CONVERSION = YES;
				CLANG_WARN_INT_CONVERSION = YES;
				CLANG_WARN_OBJC_ROOT_CLASS = YES_ERROR;
				CLANG_WARN_UNREACHABLE_CODE = YES;
				CLANG_WARN__DUPLICATE_METHOD_MATCH = YES;
				"CODE_SIGN_IDENTITY[sdk=iphoneos*]" = "iPhone Developer";
				COPY_PHASE_STRIP = YES;
				ENABLE_NS_ASSERTIONS = NO;
				ENABLE_STRICT_OBJC_MSGSEND = YES;
				GCC_C_LANGUAGE_STANDARD = gnu99;
				GCC_WARN_64_TO_32_BIT_CONVERSION = YES;
				GCC_WARN_ABOUT_RETURN_TYPE = YES_ERROR;
				GCC_WARN_UNDECLARED_SELECTOR = YES;
				GCC_WARN_UNINITIALIZED_AUTOS = YES_AGGRESSIVE;
				GCC_WARN_UNUSED_FUNCTION = YES;
				GCC_WARN_UNUSED_VARIABLE = YES;
				IPHONEOS_DEPLOYMENT_TARGET = 8.1;
				MTL_ENABLE_DEBUG_INFO = NO;
				SDKROOT = iphoneos;
				TARGETED_DEVICE_FAMILY = "1,2";
				VALIDATE_PRODUCT = YES;
			};
			name = Release;
		};
		AF4B1FE61A43B16F0027C7F0 /* Debug */ = {
			isa = XCBuildConfiguration;
			buildSettings = {
				ASSETCATALOG_COMPILER_APPICON_NAME = AppIcon;
				INFOPLIST_FILE = iOSTest/Info.plist;
				LD_RUNPATH_SEARCH_PATHS = "$(inherited) @executable_path/Frameworks";
				PRODUCT_NAME = "$(TARGET_NAME)";
			};
			name = Debug;
		};
		AF4B1FE71A43B16F0027C7F0 /* Release */ = {
			isa = XCBuildConfiguration;
			buildSettings = {
				ASSETCATALOG_COMPILER_APPICON_NAME = AppIcon;
				INFOPLIST_FILE = iOSTest/Info.plist;
				LD_RUNPATH_SEARCH_PATHS = "$(inherited) @executable_path/Frameworks";
				PRODUCT_NAME = "$(TARGET_NAME)";
			};
			name = Release;
		};
		AF4B1FE91A43B16F0027C7F0 /* Debug */ = {
			isa = XCBuildConfiguration;
			buildSettings = {
				BUNDLE_LOADER = "$(TEST_HOST)";
				FRAMEWORK_SEARCH_PATHS = (
					"$(SDKROOT)/Developer/Library/Frameworks",
					"$(inherited)",
				);
				GCC_PREPROCESSOR_DEFINITIONS = (
					"DEBUG=1",
					"$(inherited)",
				);
				INFOPLIST_FILE = iOSTestTests/Info.plist;
				LD_RUNPATH_SEARCH_PATHS = "$(inherited) @executable_path/Frameworks @loader_path/Frameworks";
				PRODUCT_NAME = "$(TARGET_NAME)";
				TEST_HOST = "$(BUILT_PRODUCTS_DIR)/iOSTest.app/iOSTest";
			};
			name = Debug;
		};
		AF4B1FEA1A43B16F0027C7F0 /* Release */ = {
			isa = XCBuildConfiguration;
			buildSettings = {
				BUNDLE_LOADER = "$(TEST_HOST)";
				FRAMEWORK_SEARCH_PATHS = (
					"$(SDKROOT)/Developer/Library/Frameworks",
					"$(inherited)",
				);
				INFOPLIST_FILE = iOSTestTests/Info.plist;
				LD_RUNPATH_SEARCH_PATHS = "$(inherited) @executable_path/Frameworks @loader_path/Frameworks";
				PRODUCT_NAME = "$(TARGET_NAME)";
				TEST_HOST = "$(BUILT_PRODUCTS_DIR)/iOSTest.app/iOSTest";
			};
			name = Release;
		};
/* End XCBuildConfiguration section */

/* Begin XCConfigurationList section */
		AF4B1FC11A43B16E0027C7F0 /* Build configuration list for PBXProject "iOSTest" */ = {
			isa = XCConfigurationList;
			buildConfigurations = (
				AF4B1FE31A43B16F0027C7F0 /* Debug */,
				AF4B1FE41A43B16F0027C7F0 /* Release */,
			);
			defaultConfigurationIsVisible = 0;
			defaultConfigurationName = Release;
		};
		AF4B1FE51A43B16F0027C7F0 /* Build configuration list for PBXNativeTarget "iOSTest" */ = {
			isa = XCConfigurationList;
			buildConfigurations = (
				AF4B1FE61A43B16F0027C7F0 /* Debug */,
				AF4B1FE71A43B16F0027C7F0 /* Release */,
			);
			defaultConfigurationIsVisible = 0;
			defaultConfigurationName = Release;
		};
		AF4B1FE81A43B16F0027C7F0 /* Build configuration list for PBXNativeTarget "iOSTestTests" */ = {
			isa = XCConfigurationList;
			buildConfigurations = (
				AF4B1FE91A43B16F0027C7F0 /* Debug */,
				AF4B1FEA1A43B16F0027C7F0 /* Release */,
			);
			defaultConfigurationIsVisible = 0;
			defaultConfigurationName = Release;
		};
/* End XCConfigurationList section */
	};
	rootObject = AF4B1FBE1A43B16E0027C7F0 /* Project object */;
}
